hash: 600a1f9f64f7034a9f6fa6e383332fb3ee8b0a501a781709c6307d80b32ee435
updated: 2017-10-31T12:29:54.929691-05:00
imports:
- name: cloud.google.com/go
  version: f886afbd89b4ec094f6bd26a38993afb36ef130c
  subpackages:
  - compute/metadata
- name: github.com/armon/go-radix
  version: 1fca145dffbcaa8fe914309b1ec0cfc67500fe61
- name: github.com/aws/aws-sdk-go
  version: ee1f179877b2daf2aaabf71fa900773bf8842253
  subpackages:
  - aws
  - aws/awserr
  - aws/awsutil
  - aws/client
  - aws/client/metadata
  - aws/corehandlers
  - aws/credentials
  - aws/credentials/ec2rolecreds
  - aws/credentials/endpointcreds
  - aws/credentials/stscreds
  - aws/defaults
  - aws/ec2metadata
  - aws/endpoints
  - aws/request
  - aws/session
  - aws/signer/v4
  - internal/shareddefaults
  - private/protocol
  - private/protocol/ec2query
  - private/protocol/query
  - private/protocol/query/queryutil
  - private/protocol/rest
  - private/protocol/restxml
  - private/protocol/xml/xmlutil
  - service/ec2
  - service/s3
  - service/sts
- name: github.com/Azure/azure-sdk-for-go
  version: df4dd90d076ebbf6e87d08d3f00bfac8ff4bde1a
  subpackages:
  - arm/network
- name: github.com/Azure/go-autorest
  version: 48a8154950f853ae1f2a9c409e0eb1fb71119bc8
  subpackages:
  - autorest
  - autorest/adal
  - autorest/azure
  - autorest/date
  - autorest/to
  - autorest/validation
- name: github.com/bgentry/speakeasy
  version: 4aabc24848ce5fd31929f7d1e4ea74d3709c14cd
- name: github.com/dgrijalva/jwt-go
  version: a539ee1a749a2b895533f979515ac7e6e0f5b650
- name: github.com/go-ini/ini
  version: c787282c39ac1fc618827141a1f762240def08a3
- name: github.com/golang/protobuf
  version: 17ce1425424ab154092bbb43af630bd647f3bb0d
  subpackages:
  - proto
- name: github.com/hashicorp/consul
  version: 51ea240df8476e02215d53fbfad5838bf0d44d21
  subpackages:
  - api
  - test/porter
  - testutil
  - testutil/retry
- name: github.com/hashicorp/errwrap
  version: 7554cd9344cec97297fa6649b055a8c98c2a1e55
- name: github.com/hashicorp/go-cleanhttp
  version: 3573b8b52aa7b37b9358d966a898feb387f62437
- name: github.com/hashicorp/go-discover
  version: 21b26b722865b64ae5809a532d2c18f3a3800129
  subpackages:
  - provider/aws
  - provider/azure
  - provider/gce
  - provider/softlayer
- name: github.com/hashicorp/go-multierror
  version: 83588e72410abfbe4df460eeb6f30841ae47d4c4
- name: github.com/hashicorp/go-rootcerts
  version: 6bb64b370b90e7ef1fa532be9e591a81c3493e00
- name: github.com/hashicorp/go-uuid
  version: 64130c7a86d732268a38cb04cfbaf0cc987fda98
- name: github.com/hashicorp/serf
  version: 555c6fa2a11d1f8e08ac9964015e864a3f61e7c3
  subpackages:
  - coordinate
- name: github.com/jmespath/go-jmespath
  version: bd40a432e4c76585ef6b72d3fd96fb9b6dc7b68d
- name: github.com/mattn/go-isatty
  version: fc9e8d8ef48496124e79ae0df75490096eccf6fe
- name: github.com/mitchellh/cli
  version: 65fcae5817c8600da98ada9d7edf26dd1a84837b
- name: github.com/mitchellh/go-homedir
  version: b8bc1bf767474819792c23f32d8286a45736f1c6
- name: github.com/pkg/errors
  version: 2b3a18b5f0fb6b4f9190549597d3f962c02bc5eb
- name: github.com/posener/complete
  version: 88e59760adaddb8276c9b15511302890690e2dae
  subpackages:
  - cmd
  - cmd/install
  - match
- name: github.com/renier/xmlrpc
  version: ce4a1a486c03a3c6e1816df25b8c559d1879d380
- name: github.com/softlayer/softlayer-go
  version: ba0eaed1782df1b25af8af69df2950472b71135d
  subpackages:
  - config
  - datatypes
  - filter
  - services
  - session
  - sl
- name: golang.org/x/net
  version: b129b8e0fbeb39c8358e51a07ab6c50ad415e72e
  repo: https://github.com/golang/net.git
  vcs: git
  subpackages:
  - .
  - context
  - context/ctxhttp
- name: golang.org/x/oauth2
  version: 13449ad91cb26cb47661c1b080790392170385fd
  subpackages:
  - google
  - internal
  - jws
  - jwt
- name: golang.org/x/sys
  version: 62bee037599929a6e9146f29d10dd5208c43507d
  subpackages:
  - unix
- name: golang.org/x/text
  version: acd49d43e9b95df46670431bf5c7ae59586daad8
  repo: https://github.com/golang/text.git
  vcs: git
  subpackages:
  - .
  - encoding
  - encoding/charmap
  - encoding/internal
  - encoding/internal/identifier
  - transform
- name: google.golang.org/api
  version: 2fe03ca2dc379c00d654a4459d1a50812cac2848
  subpackages:
  - compute/v1
  - gensupport
  - googleapi
  - googleapi/internal/uritemplates
- name: google.golang.org/appengine
  version: d9a072cfa7b9736e44311ef77b3e09d804bfa599
  subpackages:
  - internal
  - internal/app_identity
  - internal/base
  - internal/datastore
  - internal/log
  - internal/modules
  - internal/remote_api
  - internal/urlfetch
  - urlfetch
testImports:
- name: github.com/davecgh/go-spew
  version: 04cdfd42973bb9c8589fd6a731800cf222fde1a9
  subpackages:
  - spew
- name: github.com/pmezard/go-difflib
  version: d8ed2627bdf02c080bf22230dbb337003b7aba2d
  subpackages:
  - difflib
- name: github.com/stretchr/testify
  version: 890a5c3458b43e6104ff5da8dfa139d013d77544
  subpackages:
  - assert
  - require
  - suite
